
Microsoft Visual Studio Solution File, Format Version 12.00
# Visual Studio Version 16
VisualStudioVersion = 16.0.29209.62
MinimumVisualStudioVersion = 10.0.40219.1
Project("{888888A0-9F3D-457C-B088-3A5042F75D52}") = "Web_Project_Demo", "Web_Project_Demo\Web_Project_Demo.pyproj", "{F37D5BEC-836B-42AC-8133-0A34183D2D90}"
EndProject
Global
	GlobalSection(SolutionConfigurationPlatforms) = preSolution
		Debug|Any CPU = Debug|Any CPU
		Release|Any CPU = Release|Any CPU
	EndGlobalSection
	GlobalSection(ProjectConfigurationPlatforms) = postSolution
		{F37D5BEC-836B-42AC-8133-0A34183D2D90}.Debug|Any CPU.ActiveCfg = Debug|Any CPU
		{F37D5BEC-836B-42AC-8133-0A34183D2D90}.Debug|Any CPU.Build.0 = Debug|Any CPU
		{F37D5BEC-836B-42AC-8133-0A34183D2D90}.Release|Any CPU.ActiveCfg = Release|Any CPU
		{F37D5BEC-836B-42AC-8133-0A34183D2D90}.Release|Any CPU.Build.0 = Release|Any CPU
	EndGlobalSection
	GlobalSection(SolutionProperties) = preSolution
		HideSolutionNode = FALSE
	EndGlobalSection
	GlobalSection(ExtensibilityGlobals) = postSolution
		SolutionGuid = {B295A003-7B6D-45B2-A6EF-5A38220D16D5}
	EndGlobalSection
EndGlobal
